
Microsoft Visual Studio Solution File, Format Version 12.00
# Visual Studio Version 16
VisualStudioVersion = 16.0.31112.23
MinimumVisualStudioVersion = 10.0.40219.1
Project("{FAE04EC0-301F-11D3-BF4B-00C04F79EFBC}") = "Auth-JWT", "..\Auth-JWT\Auth-JWT.csproj", "{40C3FCEF-E9EB-4901-8E4F-48D09D7737F4}"
EndProject
Project("{2150E333-8FDC-42A3-9474-1A3956D46DE8}") = "AccountManagement", "AccountManagement", "{4852CF82-AD14-4123-A9D0-E8518A1039CB}"
EndProject
Project("{2150E333-8FDC-42A3-9474-1A3956D46DE8}") = "AM.Domain", "AM.Domain", "{FC19588F-0355-4838-8CE7-E6E991B963D4}"
EndProject
Project("{FAE04EC0-301F-11D3-BF4B-00C04F79EFBC}") = "AccountManagement.Domain", "AccountManagement.Domain\AccountManagement.Domain.csproj", "{8AB1A04D-56D0-4556-A8FD-08193D02292D}"
EndProject
Project("{2150E333-8FDC-42A3-9474-1A3956D46DE8}") = "AM.Application", "AM.Application", "{F50F9A24-3D2A-484A-8667-909FBCAE68E6}"
EndProject
Project("{FAE04EC0-301F-11D3-BF4B-00C04F79EFBC}") = "AccountManagement.Application.Contracts", "AccountManagement.Application.Contracts\AccountManagement.Application.Contracts.csproj", "{82A039A8-D43C-4042-9AB0-7E1453E76B51}"
EndProject
Project("{FAE04EC0-301F-11D3-BF4B-00C04F79EFBC}") = "Framework", "Framework\Framework.csproj", "{2C5342CF-BCE6-4852-B883-92DD990DB702}"
EndProject
Project("{FAE04EC0-301F-11D3-BF4B-00C04F79EFBC}") = "AccountManagement.Application", "AccountManagement.Application\AccountManagement.Application.csproj", "{068F2694-189C-4B28-AE61-7DD733CFC0C8}"
EndProject
Project("{2150E333-8FDC-42A3-9474-1A3956D46DE8}") = "AM.Infrastructure", "AM.Infrastructure", "{BE7E3CC7-A57E-47D9-9767-905890425355}"
EndProject
Project("{FAE04EC0-301F-11D3-BF4B-00C04F79EFBC}") = "AccountManagement.Configuration", "AccountManagement.Configuration\AccountManagement.Configuration.csproj", "{F012785B-BEAF-4406-8F36-4FC653B4C8DD}"
EndProject
Project("{FAE04EC0-301F-11D3-BF4B-00C04F79EFBC}") = "AccountMangement.Infrastructure.EFCore", "AccountMangement.Infrastructure.EFCore\AccountMangement.Infrastructure.EFCore.csproj", "{B0249CF4-97E2-4DF9-87C9-09007E5F35E9}"
EndProject
Global
	GlobalSection(SolutionConfigurationPlatforms) = preSolution
		Debug|Any CPU = Debug|Any CPU
		Release|Any CPU = Release|Any CPU
	EndGlobalSection
	GlobalSection(ProjectConfigurationPlatforms) = postSolution
		{40C3FCEF-E9EB-4901-8E4F-48D09D7737F4}.Debug|Any CPU.ActiveCfg = Debug|Any CPU
		{40C3FCEF-E9EB-4901-8E4F-48D09D7737F4}.Debug|Any CPU.Build.0 = Debug|Any CPU
		{40C3FCEF-E9EB-4901-8E4F-48D09D7737F4}.Release|Any CPU.ActiveCfg = Release|Any CPU
		{40C3FCEF-E9EB-4901-8E4F-48D09D7737F4}.Release|Any CPU.Build.0 = Release|Any CPU
		{8AB1A04D-56D0-4556-A8FD-08193D02292D}.Debug|Any CPU.ActiveCfg = Debug|Any CPU
		{8AB1A04D-56D0-4556-A8FD-08193D02292D}.Debug|Any CPU.Build.0 = Debug|Any CPU
		{8AB1A04D-56D0-4556-A8FD-08193D02292D}.Release|Any CPU.ActiveCfg = Release|Any CPU
		{8AB1A04D-56D0-4556-A8FD-08193D02292D}.Release|Any CPU.Build.0 = Release|Any CPU
		{82A039A8-D43C-4042-9AB0-7E1453E76B51}.Debug|Any CPU.ActiveCfg = Debug|Any CPU
		{82A039A8-D43C-4042-9AB0-7E1453E76B51}.Debug|Any CPU.Build.0 = Debug|Any CPU
		{82A039A8-D43C-4042-9AB0-7E1453E76B51}.Release|Any CPU.ActiveCfg = Release|Any CPU
		{82A039A8-D43C-4042-9AB0-7E1453E76B51}.Release|Any CPU.Build.0 = Release|Any CPU
		{2C5342CF-BCE6-4852-B883-92DD990DB702}.Debug|Any CPU.ActiveCfg = Debug|Any CPU
		{2C5342CF-BCE6-4852-B883-92DD990DB702}.Debug|Any CPU.Build.0 = Debug|Any CPU
		{2C5342CF-BCE6-4852-B883-92DD990DB702}.Release|Any CPU.ActiveCfg = Release|Any CPU
		{2C5342CF-BCE6-4852-B883-92DD990DB702}.Release|Any CPU.Build.0 = Release|Any CPU
		{068F2694-189C-4B28-AE61-7DD733CFC0C8}.Debug|Any CPU.ActiveCfg = Debug|Any CPU
		{068F2694-189C-4B28-AE61-7DD733CFC0C8}.Debug|Any CPU.Build.0 = Debug|Any CPU
		{068F2694-189C-4B28-AE61-7DD733CFC0C8}.Release|Any CPU.ActiveCfg = Release|Any CPU
		{068F2694-189C-4B28-AE61-7DD733CFC0C8}.Release|Any CPU.Build.0 = Release|Any CPU
		{F012785B-BEAF-4406-8F36-4FC653B4C8DD}.Debug|Any CPU.ActiveCfg = Debug|Any CPU
		{F012785B-BEAF-4406-8F36-4FC653B4C8DD}.Debug|Any CPU.Build.0 = Debug|Any CPU
		{F012785B-BEAF-4406-8F36-4FC653B4C8DD}.Release|Any CPU.ActiveCfg = Release|Any CPU
		{F012785B-BEAF-4406-8F36-4FC653B4C8DD}.Release|Any CPU.Build.0 = Release|Any CPU
		{B0249CF4-97E2-4DF9-87C9-09007E5F35E9}.Debug|Any CPU.ActiveCfg = Debug|Any CPU
		{B0249CF4-97E2-4DF9-87C9-09007E5F35E9}.Debug|Any CPU.Build.0 = Debug|Any CPU
		{B0249CF4-97E2-4DF9-87C9-09007E5F35E9}.Release|Any CPU.ActiveCfg = Release|Any CPU
		{B0249CF4-97E2-4DF9-87C9-09007E5F35E9}.Release|Any CPU.Build.0 = Release|Any CPU
	EndGlobalSection
	GlobalSection(SolutionProperties) = preSolution
		HideSolutionNode = FALSE
	EndGlobalSection
	GlobalSection(NestedProjects) = preSolution
		{FC19588F-0355-4838-8CE7-E6E991B963D4} = {4852CF82-AD14-4123-A9D0-E8518A1039CB}
		{8AB1A04D-56D0-4556-A8FD-08193D02292D} = {FC19588F-0355-4838-8CE7-E6E991B963D4}
		{F50F9A24-3D2A-484A-8667-909FBCAE68E6} = {4852CF82-AD14-4123-A9D0-E8518A1039CB}
		{82A039A8-D43C-4042-9AB0-7E1453E76B51} = {F50F9A24-3D2A-484A-8667-909FBCAE68E6}
		{068F2694-189C-4B28-AE61-7DD733CFC0C8} = {F50F9A24-3D2A-484A-8667-909FBCAE68E6}
		{BE7E3CC7-A57E-47D9-9767-905890425355} = {4852CF82-AD14-4123-A9D0-E8518A1039CB}
		{F012785B-BEAF-4406-8F36-4FC653B4C8DD} = {BE7E3CC7-A57E-47D9-9767-905890425355}
		{B0249CF4-97E2-4DF9-87C9-09007E5F35E9} = {BE7E3CC7-A57E-47D9-9767-905890425355}
	EndGlobalSection
	GlobalSection(ExtensibilityGlobals) = postSolution
		SolutionGuid = {9BA6E7DA-0D9F-4950-943E-2F9E9647DF19}
	EndGlobalSection
EndGlobal
